# THIS IS AN AUTOGENERATED FILE. DO NOT EDIT THIS FILE DIRECTLY.
# yarn lockfile v1


"@jquank/rise-ui@^1.0.2":
  version "1.0.2"
  resolved "https://registry.yarnpkg.com/@jquank/rise-ui/-/rise-ui-1.0.2.tgz#45cfb6a0dce2b17e2ccc424016d75d835a49f3f5"
  integrity sha512-UYiqXRSSafYdo1X3U2SVZtDKcmpD+vf20hwyHP2f2cwfxzRb8Bxxt61K3LBfr1fece4yCU6Qp782IwNlvSLGzw==
